
Microsoft Visual Studio Solution File, Format Version 12.00
# Visual Studio Version 17
VisualStudioVersion = 17.1.32328.378
MinimumVisualStudioVersion = 10.0.40219.1
Project("{9A19103F-16F7-4668-BE54-9A1E7A4F7556}") = "Gibbler.Web", "Gibbler.Web\Gibbler.Web.csproj", "{8BAD09E4-F3FE-40F8-95C2-652A31E093EF}"
EndProject
Project("{FAE04EC0-301F-11D3-BF4B-00C04F79EFBC}") = "Gibbler.Data", "Gibbler.Data\Gibbler.Data.csproj", "{6FDC546A-F199-4E7D-BB03-9D8102492EE0}"
EndProject
Project("{FAE04EC0-301F-11D3-BF4B-00C04F79EFBC}") = "Gibbler.Test", "Gibbler.Test\Gibbler.Test.csproj", "{5944BFBA-439A-47DE-8F84-41D002573F15}"
EndProject
Project("{FAE04EC0-301F-11D3-BF4B-00C04F79EFBC}") = "Gibbler.Service", "Gibbler.Service\Gibbler.Service.csproj", "{03F24B46-8E79-47DB-BD84-53CA4B1B0970}"
EndProject
Global
	GlobalSection(SolutionConfigurationPlatforms) = preSolution
		Debug|Any CPU = Debug|Any CPU
		Release|Any CPU = Release|Any CPU
	EndGlobalSection
	GlobalSection(ProjectConfigurationPlatforms) = postSolution
		{8BAD09E4-F3FE-40F8-95C2-652A31E093EF}.Debug|Any CPU.ActiveCfg = Debug|Any CPU
		{8BAD09E4-F3FE-40F8-95C2-652A31E093EF}.Debug|Any CPU.Build.0 = Debug|Any CPU
		{8BAD09E4-F3FE-40F8-95C2-652A31E093EF}.Release|Any CPU.ActiveCfg = Release|Any CPU
		{8BAD09E4-F3FE-40F8-95C2-652A31E093EF}.Release|Any CPU.Build.0 = Release|Any CPU
		{6FDC546A-F199-4E7D-BB03-9D8102492EE0}.Debug|Any CPU.ActiveCfg = Debug|Any CPU
		{6FDC546A-F199-4E7D-BB03-9D8102492EE0}.Debug|Any CPU.Build.0 = Debug|Any CPU
		{6FDC546A-F199-4E7D-BB03-9D8102492EE0}.Release|Any CPU.ActiveCfg = Release|Any CPU
		{6FDC546A-F199-4E7D-BB03-9D8102492EE0}.Release|Any CPU.Build.0 = Release|Any CPU
		{5944BFBA-439A-47DE-8F84-41D002573F15}.Debug|Any CPU.ActiveCfg = Debug|Any CPU
		{5944BFBA-439A-47DE-8F84-41D002573F15}.Debug|Any CPU.Build.0 = Debug|Any CPU
		{5944BFBA-439A-47DE-8F84-41D002573F15}.Release|Any CPU.ActiveCfg = Release|Any CPU
		{5944BFBA-439A-47DE-8F84-41D002573F15}.Release|Any CPU.Build.0 = Release|Any CPU
		{03F24B46-8E79-47DB-BD84-53CA4B1B0970}.Debug|Any CPU.ActiveCfg = Debug|Any CPU
		{03F24B46-8E79-47DB-BD84-53CA4B1B0970}.Debug|Any CPU.Build.0 = Debug|Any CPU
		{03F24B46-8E79-47DB-BD84-53CA4B1B0970}.Release|Any CPU.ActiveCfg = Release|Any CPU
		{03F24B46-8E79-47DB-BD84-53CA4B1B0970}.Release|Any CPU.Build.0 = Release|Any CPU
	EndGlobalSection
	GlobalSection(SolutionProperties) = preSolution
		HideSolutionNode = FALSE
	EndGlobalSection
	GlobalSection(ExtensibilityGlobals) = postSolution
		SolutionGuid = {C916E5DD-517E-4158-BB1F-77E80D0AE600}
	EndGlobalSection
EndGlobal
